// !$*UTF8*$!
{
	archiveVersion = 1;
	classes = {
	};
	objectVersion = 48;
	objects = {

/* Begin PBXBuildFile section */
		2E70641920A8111700C1B8B5 /* AppDelegate.swift in Sources */ = {isa = PBXBuildFile; fileRef = 2E70641820A8111700C1B8B5 /* AppDelegate.swift */; };
		2E70641B20A8111700C1B8B5 /* ViewController.swift in Sources */ = {isa = PBXBuildFile; fileRef = 2E70641A20A8111700C1B8B5 /* ViewController.swift */; };
		2E70641E20A8111700C1B8B5 /* Main.storyboard in Resources */ = {isa = PBXBuildFile; fileRef = 2E70641C20A8111700C1B8B5 /* Main.storyboard */; };
		2E70642120A8111700C1B8B5 /* MyUniversity.xcdatamodeld in Sources */ = {isa = PBXBuildFile; fileRef = 2E70641F20A8111700C1B8B5 /* MyUniversity.xcdatamodeld */; };
		2E70642320A8111700C1B8B5 /* Assets.xcassets in Resources */ = {isa = PBXBuildFile; fileRef = 2E70642220A8111700C1B8B5 /* Assets.xcassets */; };
		2E70642620A8111700C1B8B5 /* LaunchScreen.storyboard in Resources */ = {isa = PBXBuildFile; fileRef = 2E70642420A8111700C1B8B5 /* LaunchScreen.storyboard */; };
		2E70643120A8111700C1B8B5 /* MyUniversityTests.swift in Sources */ = {isa = PBXBuildFile; fileRef = 2E70643020A8111700C1B8B5 /* MyUniversityTests.swift */; };
		2E70643C20A8111700C1B8B5 /* MyUniversityUITests.swift in Sources */ = {isa = PBXBuildFile; fileRef = 2E70643B20A8111700C1B8B5 /* MyUniversityUITests.swift */; };
		2E70645A20A818E200C1B8B5 /* Constant.swift in Sources */ = {isa = PBXBuildFile; fileRef = 2E70645920A818E200C1B8B5 /* Constant.swift */; };
		2E70645C20A81C4200C1B8B5 /* LaunchImage.jpg in Resources */ = {isa = PBXBuildFile; fileRef = 2E70645B20A81C4200C1B8B5 /* LaunchImage.jpg */; };
/* End PBXBuildFile section */

/* Begin PBXContainerItemProxy section */
		2E70642D20A8111700C1B8B5 /* PBXContainerItemProxy */ = {
			isa = PBXContainerItemProxy;
			containerPortal = 2E70640D20A8111700C1B8B5 /* Project object */;
			proxyType = 1;
			remoteGlobalIDString = 2E70641420A8111700C1B8B5;
			remoteInfo = MyUniversity;
		};
		2E70643820A8111700C1B8B5 /* PBXContainerItemProxy */ = {
			isa = PBXContainerItemProxy;
			containerPortal = 2E70640D20A8111700C1B8B5 /* Project object */;
			proxyType = 1;
			remoteGlobalIDString = 2E70641420A8111700C1B8B5;
			remoteInfo = MyUniversity;
		};
/* End PBXContainerItemProxy section */

/* Begin PBXFileReference section */
		2E70641520A8111700C1B8B5 /* MyUniversity.app */ = {isa = PBXFileReference; explicitFileType = wrapper.application; includeInIndex = 0; path = MyUniversity.app; sourceTree = BUILT_PRODUCTS_DIR; };
		2E70641820A8111700C1B8B5 /* AppDelegate.swift */ = {isa = PBXFileReference; lastKnownFileType = sourcecode.swift; path = AppDelegate.swift; sourceTree = "<group>"; };
		2E70641A20A8111700C1B8B5 /* ViewController.swift */ = {isa = PBXFileReference; lastKnownFileType = sourcecode.swift; path = ViewController.swift; sourceTree = "<group>"; };
		2E70641D20A8111700C1B8B5 /* Base */ = {isa = PBXFileReference; lastKnownFileType = file.storyboard; name = Base; path = Base.lproj/Main.storyboard; sourceTree = "<group>"; };
		2E70642020A8111700C1B8B5 /* MyUniversity.xcdatamodel */ = {isa = PBXFileReference; lastKnownFileType = wrapper.xcdatamodel; path = MyUniversity.xcdatamodel; sourceTree = "<group>"; };
		2E70642220A8111700C1B8B5 /* Assets.xcassets */ = {isa = PBXFileReference; lastKnownFileType = folder.assetcatalog; path = Assets.xcassets; sourceTree = "<group>"; };
		2E70642520A8111700C1B8B5 /* Base */ = {isa = PBXFileReference; lastKnownFileType = file.storyboard; name = Base; path = Base.lproj/LaunchScreen.storyboard; sourceTree = "<group>"; };
		2E70642720A8111700C1B8B5 /* Info.plist */ = {isa = PBXFileReference; lastKnownFileType = text.plist.xml; path = Info.plist; sourceTree = "<group>"; };
		2E70642C20A8111700C1B8B5 /* MyUniversityTests.xctest */ = {isa = PBXFileReference; explicitFileType = wrapper.cfbundle; includeInIndex = 0; path = MyUniversityTests.xctest; sourceTree = BUILT_PRODUCTS_DIR; };
		2E70643020A8111700C1B8B5 /* MyUniversityTests.swift */ = {isa = PBXFileReference; lastKnownFileType = sourcecode.swift; path = MyUniversityTests.swift; sourceTree = "<group>"; };
		2E70643220A8111700C1B8B5 /* Info.plist */ = {isa = PBXFileReference; lastKnownFileType = text.plist.xml; path = Info.plist; sourceTree = "<group>"; };
		2E70643720A8111700C1B8B5 /* MyUniversityUITests.xctest */ = {isa = PBXFileReference; explicitFileType = wrapper.cfbundle; includeInIndex = 0; path = MyUniversityUITests.xctest; sourceTree = BUILT_PRODUCTS_DIR; };
		2E70643B20A8111700C1B8B5 /* MyUniversityUITests.swift */ = {isa = PBXFileReference; lastKnownFileType = sourcecode.swift; path = MyUniversityUITests.swift; sourceTree = "<group>"; };
		2E70643D20A8111700C1B8B5 /* Info.plist */ = {isa = PBXFileReference; lastKnownFileType = text.plist.xml; path = Info.plist; sourceTree = "<group>"; };
		2E70645920A818E200C1B8B5 /* Constant.swift */ = {isa = PBXFileReference; lastKnownFileType = sourcecode.swift; path = Constant.swift; sourceTree = "<group>"; };
		2E70645B20A81C4200C1B8B5 /* LaunchImage.jpg */ = {isa = PBXFileReference; lastKnownFileType = image.jpeg; path = LaunchImage.jpg; sourceTree = "<group>"; };
/* End PBXFileReference section */

/* Begin PBXFrameworksBuildPhase section */
		2E70641220A8111700C1B8B5 /* Frameworks */ = {
			isa = PBXFrameworksBuildPhase;
			buildActionMask = 2147483647;
			files = (
			);
			runOnlyForDeploymentPostprocessing = 0;
		};
		2E70642920A8111700C1B8B5 /* Frameworks */ = {
			isa = PBXFrameworksBuildPhase;
			buildActionMask = 2147483647;
			files = (
			);
			runOnlyForDeploymentPostprocessing = 0;
		};
		2E70643420A8111700C1B8B5 /* Frameworks */ = {
			isa = PBXFrameworksBuildPhase;
			buildActionMask = 2147483647;
			files = (
			);
			runOnlyForDeploymentPostprocessing = 0;
		};
/* End PBXFrameworksBuildPhase section */

/* Begin PBXGroup section */
		2E70640C20A8111700C1B8B5 = {
			isa = PBXGroup;
			children = (
				2E70641720A8111700C1B8B5 /* MyUniversity */,
				2E70642F20A8111700C1B8B5 /* MyUniversityTests */,
				2E70643A20A8111700C1B8B5 /* MyUniversityUITests */,
				2E70641620A8111700C1B8B5 /* Products */,
			);
			sourceTree = "<group>";
		};
		2E70641620A8111700C1B8B5 /* Products */ = {
			isa = PBXGroup;
			children = (
				2E70641520A8111700C1B8B5 /* MyUniversity.app */,
				2E70642C20A8111700C1B8B5 /* MyUniversityTests.xctest */,
				2E70643720A8111700C1B8B5 /* MyUniversityUITests.xctest */,
			);
			name = Products;
			sourceTree = "<group>";
		};
		2E70641720A8111700C1B8B5 /* MyUniversity */ = {
			isa = PBXGroup;
			children = (
				2E70644C20A8160800C1B8B5 /* AppDelegate */,
				2E70645820A818AC00C1B8B5 /* Constants */,
				2E70645D20A81D7900C1B8B5 /* CoreData */,
				2E70644920A8139200C1B8B5 /* Modules */,
				2E70644D20A8166600C1B8B5 /* Views */,
				2E70644A20A8147100C1B8B5 /* Resources */,
				2E70644B20A8157200C1B8B5 /* Network */,
			);
			path = MyUniversity;
			sourceTree = "<group>";
		};
		2E70642F20A8111700C1B8B5 /* MyUniversityTests */ = {
			isa = PBXGroup;
			children = (
				2E70643020A8111700C1B8B5 /* MyUniversityTests.swift */,
				2E70643220A8111700C1B8B5 /* Info.plist */,
			);
			path = MyUniversityTests;
			sourceTree = "<group>";
		};
		2E70643A20A8111700C1B8B5 /* MyUniversityUITests */ = {
			isa = PBXGroup;
			children = (
				2E70643B20A8111700C1B8B5 /* MyUniversityUITests.swift */,
				2E70643D20A8111700C1B8B5 /* Info.plist */,
			);
			path = MyUniversityUITests;
			sourceTree = "<group>";
		};
		2E70644920A8139200C1B8B5 /* Modules */ = {
			isa = PBXGroup;
			children = (
				2E70645520A8185200C1B8B5 /* Common */,
				2E70644E20A8170E00C1B8B5 /* Freshman */,
				2E70644F20A8176C00C1B8B5 /* College */,
			);
			path = Modules;
			sourceTree = "<group>";
		};
		2E70644A20A8147100C1B8B5 /* Resources */ = {
			isa = PBXGroup;
			children = (
				2E70645720A8186800C1B8B5 /* Common */,
				2E70645220A817F200C1B8B5 /* Freshman */,
				2E70645320A817FB00C1B8B5 /* College */,
			);
			path = Resources;
			sourceTree = "<group>";
		};
		2E70644B20A8157200C1B8B5 /* Network */ = {
			isa = PBXGroup;
			children = (
			);
			path = Network;
			sourceTree = "<group>";
		};
		2E70644C20A8160800C1B8B5 /* AppDelegate */ = {
			isa = PBXGroup;
			children = (
				2E70641820A8111700C1B8B5 /* AppDelegate.swift */,
				2E70642220A8111700C1B8B5 /* Assets.xcassets */,
				2E70642720A8111700C1B8B5 /* Info.plist */,
			);
			path = AppDelegate;
			sourceTree = "<group>";
		};
		2E70644D20A8166600C1B8B5 /* Views */ = {
			isa = PBXGroup;
			children = (
				2E70645620A8185800C1B8B5 /* Common */,
				2E70645020A817DD00C1B8B5 /* Freshman */,
				2E70645120A817E500C1B8B5 /* College */,
			);
			path = Views;
			sourceTree = "<group>";
		};
		2E70644E20A8170E00C1B8B5 /* Freshman */ = {
			isa = PBXGroup;
			children = (
			);
			path = Freshman;
			sourceTree = "<group>";
		};
		2E70644F20A8176C00C1B8B5 /* College */ = {
			isa = PBXGroup;
			children = (
			);
			path = College;
			sourceTree = "<group>";
		};
		2E70645020A817DD00C1B8B5 /* Freshman */ = {
			isa = PBXGroup;
			children = (
			);
			path = Freshman;
			sourceTree = "<group>";
		};
		2E70645120A817E500C1B8B5 /* College */ = {
			isa = PBXGroup;
			children = (
			);
			path = College;
			sourceTree = "<group>";
		};
		2E70645220A817F200C1B8B5 /* Freshman */ = {
			isa = PBXGroup;
			children = (
			);
			path = Freshman;
			sourceTree = "<group>";
		};
		2E70645320A817FB00C1B8B5 /* College */ = {
			isa = PBXGroup;
			children = (
			);
			path = College;
			sourceTree = "<group>";
		};
		2E70645520A8185200C1B8B5 /* Common */ = {
			isa = PBXGroup;
			children = (
			);
			path = Common;
			sourceTree = "<group>";
		};
		2E70645620A8185800C1B8B5 /* Common */ = {
			isa = PBXGroup;
			children = (
				2E70641A20A8111700C1B8B5 /* ViewController.swift */,
				2E70641C20A8111700C1B8B5 /* Main.storyboard */,
				2E70642420A8111700C1B8B5 /* LaunchScreen.storyboard */,
			);
			path = Common;
			sourceTree = "<group>";
		};
		2E70645720A8186800C1B8B5 /* Common */ = {
			isa = PBXGroup;
			children = (
				2E70645B20A81C4200C1B8B5 /* LaunchImage.jpg */,
			);
			path = Common;
			sourceTree = "<group>";
		};
		2E70645820A818AC00C1B8B5 /* Constants */ = {
			isa = PBXGroup;
			children = (
				2E70645920A818E200C1B8B5 /* Constant.swift */,
			);
			path = Constants;
			sourceTree = "<group>";
		};
		2E70645D20A81D7900C1B8B5 /* CoreData */ = {
			isa = PBXGroup;
			children = (
				2E70641F20A8111700C1B8B5 /* MyUniversity.xcdatamodeld */,
			);
			path = CoreData;
			sourceTree = "<group>";
		};
/* End PBXGroup section */

/* Begin PBXNativeTarget section */
		2E70641420A8111700C1B8B5 /* MyUniversity */ = {
			isa = PBXNativeTarget;
			buildConfigurationList = 2E70644020A8111700C1B8B5 /* Build configuration list for PBXNativeTarget "MyUniversity" */;
			buildPhases = (
				2E70641120A8111700C1B8B5 /* Sources */,
				2E70641220A8111700C1B8B5 /* Frameworks */,
				2E70641320A8111700C1B8B5 /* Resources */,
			);
			buildRules = (
			);
			dependencies = (
			);
			name = MyUniversity;
			productName = MyUniversity;
			productReference = 2E70641520A8111700C1B8B5 /* MyUniversity.app */;
			productType = "com.apple.product-type.application";
		};
		2E70642B20A8111700C1B8B5 /* MyUniversityTests */ = {
			isa = PBXNativeTarget;
			buildConfigurationList = 2E70644320A8111700C1B8B5 /* Build configuration list for PBXNativeTarget "MyUniversityTests" */;
			buildPhases = (
				2E70642820A8111700C1B8B5 /* Sources */,
				2E70642920A8111700C1B8B5 /* Frameworks */,
				2E70642A20A8111700C1B8B5 /* Resources */,
			);
			buildRules = (
			);
			dependencies = (
				2E70642E20A8111700C1B8B5 /* PBXTargetDependency */,
			);
			name = MyUniversityTests;
			productName = MyUniversityTests;
			productReference = 2E70642C20A8111700C1B8B5 /* MyUniversityTests.xctest */;
			productType = "com.apple.product-type.bundle.unit-test";
		};
		2E70643620A8111700C1B8B5 /* MyUniversityUITests */ = {
			isa = PBXNativeTarget;
			buildConfigurationList = 2E70644620A8111700C1B8B5 /* Build configuration list for PBXNativeTarget "MyUniversityUITests" */;
			buildPhases = (
				2E70643320A8111700C1B8B5 /* Sources */,
				2E70643420A8111700C1B8B5 /* Frameworks */,
				2E70643520A8111700C1B8B5 /* Resources */,
			);
			buildRules = (
			);
			dependencies = (
				2E70643920A8111700C1B8B5 /* PBXTargetDependency */,
			);
			name = MyUniversityUITests;
			productName = MyUniversityUITests;
			productReference = 2E70643720A8111700C1B8B5 /* MyUniversityUITests.xctest */;
			productType = "com.apple.product-type.bundle.ui-testing";
		};
/* End PBXNativeTarget section */

/* Begin PBXProject section */
		2E70640D20A8111700C1B8B5 /* Project object */ = {
			isa = PBXProject;
			attributes = {
				LastSwiftUpdateCheck = 0920;
				LastUpgradeCheck = 0920;
				ORGANIZATIONNAME = Jxaummd;
				TargetAttributes = {
					2E70641420A8111700C1B8B5 = {
						CreatedOnToolsVersion = 9.2;
						ProvisioningStyle = Automatic;
					};
					2E70642B20A8111700C1B8B5 = {
						CreatedOnToolsVersion = 9.2;
						ProvisioningStyle = Automatic;
						TestTargetID = 2E70641420A8111700C1B8B5;
					};
					2E70643620A8111700C1B8B5 = {
						CreatedOnToolsVersion = 9.2;
						ProvisioningStyle = Automatic;
						TestTargetID = 2E70641420A8111700C1B8B5;
					};
				};
			};
			buildConfigurationList = 2E70641020A8111700C1B8B5 /* Build configuration list for PBXProject "MyUniversity" */;
			compatibilityVersion = "Xcode 8.0";
			developmentRegion = en;
			hasScannedForEncodings = 0;
			knownRegions = (
				en,
				Base,
			);
			mainGroup = 2E70640C20A8111700C1B8B5;
			productRefGroup = 2E70641620A8111700C1B8B5 /* Products */;
			projectDirPath = "";
			projectRoot = "";
			targets = (
				2E70641420A8111700C1B8B5 /* MyUniversity */,
				2E70642B20A8111700C1B8B5 /* MyUniversityTests */,
				2E70643620A8111700C1B8B5 /* MyUniversityUITests */,
			);
		};
/* End PBXProject section */

/* Begin PBXResourcesBuildPhase section */
		2E70641320A8111700C1B8B5 /* Resources */ = {
			isa = PBXResourcesBuildPhase;
			buildActionMask = 2147483647;
			files = (
				2E70642620A8111700C1B8B5 /* LaunchScreen.storyboard in Resources */,
				2E70642320A8111700C1B8B5 /* Assets.xcassets in Resources */,
				2E70645C20A81C4200C1B8B5 /* LaunchImage.jpg in Resources */,
				2E70641E20A8111700C1B8B5 /* Main.storyboard in Resources */,
			);
			runOnlyForDeploymentPostprocessing = 0;
		};
		2E70642A20A8111700C1B8B5 /* Resources */ = {
			isa = PBXResourcesBuildPhase;
			buildActionMask = 2147483647;
			files = (
			);
			runOnlyForDeploymentPostprocessing = 0;
		};
		2E70643520A8111700C1B8B5 /* Resources */ = {
			isa = PBXResourcesBuildPhase;
			buildActionMask = 2147483647;
			files = (
			);
			runOnlyForDeploymentPostprocessing = 0;
		};
/* End PBXResourcesBuildPhase section */

/* Begin PBXSourcesBuildPhase section */
		2E70641120A8111700C1B8B5 /* Sources */ = {
			isa = PBXSourcesBuildPhase;
			buildActionMask = 2147483647;
			files = (
				2E70641B20A8111700C1B8B5 /* ViewController.swift in Sources */,
				2E70642120A8111700C1B8B5 /* MyUniversity.xcdatamodeld in Sources */,
				2E70641920A8111700C1B8B5 /* AppDelegate.swift in Sources */,
				2E70645A20A818E200C1B8B5 /* Constant.swift in Sources */,
			);
			runOnlyForDeploymentPostprocessing = 0;
		};
		2E70642820A8111700C1B8B5 /* Sources */ = {
			isa = PBXSourcesBuildPhase;
			buildActionMask = 2147483647;
			files = (
				2E70643120A8111700C1B8B5 /* MyUniversityTests.swift in Sources */,
			);
			runOnlyForDeploymentPostprocessing = 0;
		};
		2E70643320A8111700C1B8B5 /* Sources */ = {
			isa = PBXSourcesBuildPhase;
			buildActionMask = 2147483647;
			files = (
				2E70643C20A8111700C1B8B5 /* MyUniversityUITests.swift in Sources */,
			);
			runOnlyForDeploymentPostprocessing = 0;
		};
/* End PBXSourcesBuildPhase section */

/* Begin PBXTargetDependency section */
		2E70642E20A8111700C1B8B5 /* PBXTargetDependency */ = {
			isa = PBXTargetDependency;
			target = 2E70641420A8111700C1B8B5 /* MyUniversity */;
			targetProxy = 2E70642D20A8111700C1B8B5 /* PBXContainerItemProxy */;
		};
		2E70643920A8111700C1B8B5 /* PBXTargetDependency */ = {
			isa = PBXTargetDependency;
			target = 2E70641420A8111700C1B8B5 /* MyUniversity */;
			targetProxy = 2E70643820A8111700C1B8B5 /* PBXContainerItemProxy */;
		};
/* End PBXTargetDependency section */

/* Begin PBXVariantGroup section */
		2E70641C20A8111700C1B8B5 /* Main.storyboard */ = {
			isa = PBXVariantGroup;
			children = (
				2E70641D20A8111700C1B8B5 /* Base */,
			);
			name = Main.storyboard;
			sourceTree = "<group>";
		};
		2E70642420A8111700C1B8B5 /* LaunchScreen.storyboard */ = {
			isa = PBXVariantGroup;
			children = (
				2E70642520A8111700C1B8B5 /* Base */,
			);
			name = LaunchScreen.storyboard;
			sourceTree = "<group>";
		};
/* End PBXVariantGroup section */

/* Begin XCBuildConfiguration section */
		2E70643E20A8111700C1B8B5 /* Debug */ = {
			isa = XCBuildConfiguration;
			buildSettings = {
				ALWAYS_SEARCH_USER_PATHS = NO;
				CLANG_ANALYZER_NONNULL = YES;
				CLANG_ANALYZER_NUMBER_OBJECT_CONVERSION = YES_AGGRESSIVE;
				CLANG_CXX_LANGUAGE_STANDARD = "gnu++14";
				CLANG_CXX_LIBRARY = "libc++";
				CLANG_ENABLE_MODULES = YES;
				CLANG_ENABLE_OBJC_ARC = YES;
				CLANG_WARN_BLOCK_CAPTURE_AUTORELEASING = YES;
				CLANG_WARN_BOOL_CONVERSION = YES;
				CLANG_WARN_COMMA = YES;
				CLANG_WARN_CONSTANT_CONVERSION = YES;
				CLANG_WARN_DIRECT_OBJC_ISA_USAGE = YES_ERROR;
				CLANG_WARN_DOCUMENTATION_COMMENTS = YES;
				CLANG_WARN_EMPTY_BODY = YES;
				CLANG_WARN_ENUM_CONVERSION = YES;
				CLANG_WARN_INFINITE_RECURSION = YES;
				CLANG_WARN_INT_CONVERSION = YES;
				CLANG_WARN_NON_LITERAL_NULL_CONVERSION = YES;
				CLANG_WARN_OBJC_LITERAL_CONVERSION = YES;
				CLANG_WARN_OBJC_ROOT_CLASS = YES_ERROR;
				CLANG_WARN_RANGE_LOOP_ANALYSIS = YES;
				CLANG_WARN_STRICT_PROTOTYPES = YES;
				CLANG_WARN_SUSPICIOUS_MOVE = YES;
				CLANG_WARN_UNGUARDED_AVAILABILITY = YES_AGGRESSIVE;
				CLANG_WARN_UNREACHABLE_CODE = YES;
				CLANG_WARN__DUPLICATE_METHOD_MATCH = YES;
				CODE_SIGN_IDENTITY = "iPhone Developer";
				COPY_PHASE_STRIP = NO;
				DEBUG_INFORMATION_FORMAT = dwarf;
				ENABLE_STRICT_OBJC_MSGSEND = YES;
				ENABLE_TESTABILITY = YES;
				GCC_C_LANGUAGE_STANDARD = gnu11;
				GCC_DYNAMIC_NO_PIC = NO;
				GCC_NO_COMMON_BLOCKS = YES;
				GCC_OPTIMIZATION_LEVEL = 0;
				GCC_PREPROCESSOR_DEFINITIONS = (
					"DEBUG=1",
					"$(inherited)",
				);
				GCC_WARN_64_TO_32_BIT_CONVERSION = YES;
				GCC_WARN_ABOUT_RETURN_TYPE = YES_ERROR;
				GCC_WARN_UNDECLARED_SELECTOR = YES;
				GCC_WARN_UNINITIALIZED_AUTOS = YES_AGGRESSIVE;
				GCC_WARN_UNUSED_FUNCTION = YES;
				GCC_WARN_UNUSED_VARIABLE = YES;
				IPHONEOS_DEPLOYMENT_TARGET = 11.2;
				MTL_ENABLE_DEBUG_INFO = YES;
				ONLY_ACTIVE_ARCH = YES;
				SDKROOT = iphoneos;
				SWIFT_ACTIVE_COMPILATION_CONDITIONS = DEBUG;
				SWIFT_OPTIMIZATION_LEVEL = "-Onone";
			};
			name = Debug;
		};
		2E70643F20A8111700C1B8B5 /* Release */ = {
			isa = XCBuildConfiguration;
			buildSettings = {
				ALWAYS_SEARCH_USER_PATHS = NO;
				CLANG_ANALYZER_NONNULL = YES;
				CLANG_ANALYZER_NUMBER_OBJECT_CONVERSION = YES_AGGRESSIVE;
				CLANG_CXX_LANGUAGE_STANDARD = "gnu++14";
				CLANG_CXX_LIBRARY = "libc++";
				CLANG_ENABLE_MODULES = YES;
				CLANG_ENABLE_OBJC_ARC = YES;
				CLANG_WARN_BLOCK_CAPTURE_AUTORELEASING = YES;
				CLANG_WARN_BOOL_CONVERSION = YES;
				CLANG_WARN_COMMA = YES;
				CLANG_WARN_CONSTANT_CONVERSION = YES;
				CLANG_WARN_DIRECT_OBJC_ISA_USAGE = YES_ERROR;
				CLANG_WARN_DOCUMENTATION_COMMENTS = YES;
				CLANG_WARN_EMPTY_BODY = YES;
				CLANG_WARN_ENUM_CONVERSION = YES;
				CLANG_WARN_INFINITE_RECURSION = YES;
				CLANG_WARN_INT_CONVERSION = YES;
				CLANG_WARN_NON_LITERAL_NULL_CONVERSION = YES;
				CLANG_WARN_OBJC_LITERAL_CONVERSION = YES;
				CLANG_WARN_OBJC_ROOT_CLASS = YES_ERROR;
				CLANG_WARN_RANGE_LOOP_ANALYSIS = YES;
				CLANG_WARN_STRICT_PROTOTYPES = YES;
				CLANG_WARN_SUSPICIOUS_MOVE = YES;
				CLANG_WARN_UNGUARDED_AVAILABILITY = YES_AGGRESSIVE;
				CLANG_WARN_UNREACHABLE_CODE = YES;
				CLANG_WARN__DUPLICATE_METHOD_MATCH = YES;
				CODE_SIGN_IDENTITY = "iPhone Developer";
				COPY_PHASE_STRIP = NO;
				DEBUG_INFORMATION_FORMAT = "dwarf-with-dsym";
				ENABLE_NS_ASSERTIONS = NO;
				ENABLE_STRICT_OBJC_MSGSEND = YES;
				GCC_C_LANGUAGE_STANDARD = gnu11;
				GCC_NO_COMMON_BLOCKS = YES;
				GCC_WARN_64_TO_32_BIT_CONVERSION = YES;
				GCC_WARN_ABOUT_RETURN_TYPE = YES_ERROR;
				GCC_WARN_UNDECLARED_SELECTOR = YES;
				GCC_WARN_UNINITIALIZED_AUTOS = YES_AGGRESSIVE;
				GCC_WARN_UNUSED_FUNCTION = YES;
				GCC_WARN_UNUSED_VARIABLE = YES;
				IPHONEOS_DEPLOYMENT_TARGET = 11.2;
				MTL_ENABLE_DEBUG_INFO = NO;
				SDKROOT = iphoneos;
				SWIFT_OPTIMIZATION_LEVEL = "-Owholemodule";
				VALIDATE_PRODUCT = YES;
			};
			name = Release;
		};
		2E70644120A8111700C1B8B5 /* Debug */ = {
			isa = XCBuildConfiguration;
			buildSettings = {
				ASSETCATALOG_COMPILER_APPICON_NAME = AppIcon;
				CODE_SIGN_STYLE = Automatic;
				DEVELOPMENT_TEAM = B2AGT68462;
				INFOPLIST_FILE = "$(SRCROOT)/MyUniversity/AppDelegate/Info.plist";
				IPHONEOS_DEPLOYMENT_TARGET = 10.0;
				LD_RUNPATH_SEARCH_PATHS = "$(inherited) @executable_path/Frameworks";
				PRODUCT_BUNDLE_IDENTIFIER = com.Jxaummd.MyUniversity;
				PRODUCT_NAME = "$(TARGET_NAME)";
				SWIFT_VERSION = 4.0;
				TARGETED_DEVICE_FAMILY = 1;
			};
			name = Debug;
		};
		2E70644220A8111700C1B8B5 /* Release */ = {
			isa = XCBuildConfiguration;
			buildSettings = {
				ASSETCATALOG_COMPILER_APPICON_NAME = AppIcon;
				CODE_SIGN_STYLE = Automatic;
				DEVELOPMENT_TEAM = B2AGT68462;
				INFOPLIST_FILE = "$(SRCROOT)/MyUniversity/AppDelegate/Info.plist";
				IPHONEOS_DEPLOYMENT_TARGET = 10.0;
				LD_RUNPATH_SEARCH_PATHS = "$(inherited) @executable_path/Frameworks";
				PRODUCT_BUNDLE_IDENTIFIER = com.Jxaummd.MyUniversity;
				PRODUCT_NAME = "$(TARGET_NAME)";
				SWIFT_VERSION = 4.0;
				TARGETED_DEVICE_FAMILY = 1;
			};
			name = Release;
		};
		2E70644420A8111700C1B8B5 /* Debug */ = {
			isa = XCBuildConfiguration;
			buildSettings = {
				ALWAYS_EMBED_SWIFT_STANDARD_LIBRARIES = YES;
				BUNDLE_LOADER = "$(TEST_HOST)";
				CODE_SIGN_STYLE = Automatic;
				DEVELOPMENT_TEAM = B2AGT68462;
				INFOPLIST_FILE = MyUniversityTests/Info.plist;
				LD_RUNPATH_SEARCH_PATHS = "$(inherited) @executable_path/Frameworks @loader_path/Frameworks";
				PRODUCT_BUNDLE_IDENTIFIER = com.Jxaummd.MyUniversityTests;
				PRODUCT_NAME = "$(TARGET_NAME)";
				SWIFT_VERSION = 4.0;
				TARGETED_DEVICE_FAMILY = "1,2";
				TEST_HOST = "$(BUILT_PRODUCTS_DIR)/MyUniversity.app/MyUniversity";
			};
			name = Debug;
		};
		2E70644520A8111700C1B8B5 /* Release */ = {
			isa = XCBuildConfiguration;
			buildSettings = {
				ALWAYS_EMBED_SWIFT_STANDARD_LIBRARIES = YES;
				BUNDLE_LOADER = "$(TEST_HOST)";
				CODE_SIGN_STYLE = Automatic;
				DEVELOPMENT_TEAM = B2AGT68462;
				INFOPLIST_FILE = MyUniversityTests/Info.plist;
				LD_RUNPATH_SEARCH_PATHS = "$(inherited) @executable_path/Frameworks @loader_path/Frameworks";
				PRODUCT_BUNDLE_IDENTIFIER = com.Jxaummd.MyUniversityTests;
				PRODUCT_NAME = "$(TARGET_NAME)";
				SWIFT_VERSION = 4.0;
				TARGETED_DEVICE_FAMILY = "1,2";
				TEST_HOST = "$(BUILT_PRODUCTS_DIR)/MyUniversity.app/MyUniversity";
			};
			name = Release;
		};
		2E70644720A8111700C1B8B5 /* Debug */ = {
			isa = XCBuildConfiguration;
			buildSettings = {
				ALWAYS_EMBED_SWIFT_STANDARD_LIBRARIES = YES;
				CODE_SIGN_STYLE = Automatic;
				DEVELOPMENT_TEAM = B2AGT68462;
				INFOPLIST_FILE = MyUniversityUITests/Info.plist;
				LD_RUNPATH_SEARCH_PATHS = "$(inherited) @executable_path/Frameworks @loader_path/Frameworks";
				PRODUCT_BUNDLE_IDENTIFIER = com.Jxaummd.MyUniversityUITests;
				PRODUCT_NAME = "$(TARGET_NAME)";
				SWIFT_VERSION = 4.0;
				TARGETED_DEVICE_FAMILY = "1,2";
				TEST_TARGET_NAME = MyUniversity;
			};
			name = Debug;
		};
		2E70644820A8111700C1B8B5 /* Release */ = {
			isa = XCBuildConfiguration;
			buildSettings = {
				ALWAYS_EMBED_SWIFT_STANDARD_LIBRARIES = YES;
				CODE_SIGN_STYLE = Automatic;
				DEVELOPMENT_TEAM = B2AGT68462;
				INFOPLIST_FILE = MyUniversityUITests/Info.plist;
				LD_RUNPATH_SEARCH_PATHS = "$(inherited) @executable_path/Frameworks @loader_path/Frameworks";
				PRODUCT_BUNDLE_IDENTIFIER = com.Jxaummd.MyUniversityUITests;
				PRODUCT_NAME = "$(TARGET_NAME)";
				SWIFT_VERSION = 4.0;
				TARGETED_DEVICE_FAMILY = "1,2";
				TEST_TARGET_NAME = MyUniversity;
			};
			name = Release;
		};
/* End XCBuildConfiguration section */

/* Begin XCConfigurationList section */
		2E70641020A8111700C1B8B5 /* Build configuration list for PBXProject "MyUniversity" */ = {
			isa = XCConfigurationList;
			buildConfigurations = (
				2E70643E20A8111700C1B8B5 /* Debug */,
				2E70643F20A8111700C1B8B5 /* Release */,
			);
			defaultConfigurationIsVisible = 0;
			defaultConfigurationName = Release;
		};
		2E70644020A8111700C1B8B5 /* Build configuration list for PBXNativeTarget "MyUniversity" */ = {
			isa = XCConfigurationList;
			buildConfigurations = (
				2E70644120A8111700C1B8B5 /* Debug */,
				2E70644220A8111700C1B8B5 /* Release */,
			);
			defaultConfigurationIsVisible = 0;
			defaultConfigurationName = Release;
		};
		2E70644320A8111700C1B8B5 /* Build configuration list for PBXNativeTarget "MyUniversityTests" */ = {
			isa = XCConfigurationList;
			buildConfigurations = (
				2E70644420A8111700C1B8B5 /* Debug */,
				2E70644520A8111700C1B8B5 /* Release */,
			);
			defaultConfigurationIsVisible = 0;
			defaultConfigurationName = Release;
		};
		2E70644620A8111700C1B8B5 /* Build configuration list for PBXNativeTarget "MyUniversityUITests" */ = {
			isa = XCConfigurationList;
			buildConfigurations = (
				2E70644720A8111700C1B8B5 /* Debug */,
				2E70644820A8111700C1B8B5 /* Release */,
			);
			defaultConfigurationIsVisible = 0;
			defaultConfigurationName = Release;
		};
/* End XCConfigurationList section */

/* Begin XCVersionGroup section */
		2E70641F20A8111700C1B8B5 /* MyUniversity.xcdatamodeld */ = {
			isa = XCVersionGroup;
			children = (
				2E70642020A8111700C1B8B5 /* MyUniversity.xcdatamodel */,
			);
			currentVersion = 2E70642020A8111700C1B8B5 /* MyUniversity.xcdatamodel */;
			path = MyUniversity.xcdatamodeld;
			sourceTree = "<group>";
			versionGroupType = wrapper.xcdatamodel;
		};
/* End XCVersionGroup section */
	};
	rootObject = 2E70640D20A8111700C1B8B5 /* Project object */;
}
